
Microsoft Visual Studio Solution File, Format Version 12.00
# Visual Studio Version 16
VisualStudioVersion = 16.0.32002.261
MinimumVisualStudioVersion = 10.0.40219.1
Project("{8BC9CEB8-8B4A-11D0-8D11-00A0C91BC942}") = "arcsim", "arcsim\arcsim.vcxproj", "{15C8A4A4-D534-48EF-970C-8E9F93564374}"
EndProject
Project("{8BC9CEB8-8B4A-11D0-8D11-00A0C91BC942}") = "TestCase_001(Eigen)", "Test Cases\TestCase_001(Eigen)\TestCase_001(Eigen).vcxproj", "{AD36494D-014A-4D15-A5F9-4EA9200A609F}"
EndProject
Global
	GlobalSection(SolutionConfigurationPlatforms) = preSolution
		Debug|x64 = Debug|x64
		Debug|x86 = Debug|x86
		Release|x64 = Release|x64
		Release|x86 = Release|x86
	EndGlobalSection
	GlobalSection(ProjectConfigurationPlatforms) = postSolution
		{15C8A4A4-D534-48EF-970C-8E9F93564374}.Debug|x64.ActiveCfg = Debug|x64
		{15C8A4A4-D534-48EF-970C-8E9F93564374}.Debug|x64.Build.0 = Debug|x64
		{15C8A4A4-D534-48EF-970C-8E9F93564374}.Debug|x86.ActiveCfg = Debug|Win32
		{15C8A4A4-D534-48EF-970C-8E9F93564374}.Debug|x86.Build.0 = Debug|Win32
		{15C8A4A4-D534-48EF-970C-8E9F93564374}.Release|x64.ActiveCfg = Release|x64
		{15C8A4A4-D534-48EF-970C-8E9F93564374}.Release|x64.Build.0 = Release|x64
		{15C8A4A4-D534-48EF-970C-8E9F93564374}.Release|x86.ActiveCfg = Release|Win32
		{15C8A4A4-D534-48EF-970C-8E9F93564374}.Release|x86.Build.0 = Release|Win32
		{AD36494D-014A-4D15-A5F9-4EA9200A609F}.Debug|x64.ActiveCfg = Debug|x64
		{AD36494D-014A-4D15-A5F9-4EA9200A609F}.Debug|x64.Build.0 = Debug|x64
		{AD36494D-014A-4D15-A5F9-4EA9200A609F}.Debug|x86.ActiveCfg = Debug|Win32
		{AD36494D-014A-4D15-A5F9-4EA9200A609F}.Debug|x86.Build.0 = Debug|Win32
		{AD36494D-014A-4D15-A5F9-4EA9200A609F}.Release|x64.ActiveCfg = Release|x64
		{AD36494D-014A-4D15-A5F9-4EA9200A609F}.Release|x64.Build.0 = Release|x64
		{AD36494D-014A-4D15-A5F9-4EA9200A609F}.Release|x86.ActiveCfg = Release|Win32
		{AD36494D-014A-4D15-A5F9-4EA9200A609F}.Release|x86.Build.0 = Release|Win32
	EndGlobalSection
	GlobalSection(SolutionProperties) = preSolution
		HideSolutionNode = FALSE
	EndGlobalSection
	GlobalSection(ExtensibilityGlobals) = postSolution
		SolutionGuid = {CFDE2542-A40D-4B68-B6D8-5D4D8AD56216}
	EndGlobalSection
EndGlobal
